
Microsoft Visual Studio Solution File, Format Version 12.00
# Visual Studio 15
Project("{FAE04EC0-301F-11D3-BF4B-00C04F79EFBC}") = "Assembly-CSharp", "Assembly-CSharp.csproj", "{C084A483-5AAC-13B8-5ACF-E37A025790BF}"
EndProject
Global
	GlobalSection(SolutionConfigurationPlatforms) = preSolution
		Debug|Any CPU = Debug|Any CPU
		Release|Any CPU = Release|Any CPU
	EndGlobalSection
	GlobalSection(ProjectConfigurationPlatforms) = postSolution
		{C084A483-5AAC-13B8-5ACF-E37A025790BF}.Debug|Any CPU.ActiveCfg = Debug|Any CPU
		{C084A483-5AAC-13B8-5ACF-E37A025790BF}.Debug|Any CPU.Build.0 = Debug|Any CPU
		{C084A483-5AAC-13B8-5ACF-E37A025790BF}.Release|Any CPU.ActiveCfg = Release|Any CPU
		{C084A483-5AAC-13B8-5ACF-E37A025790BF}.Release|Any CPU.Build.0 = Release|Any CPU
	EndGlobalSection
	GlobalSection(SolutionProperties) = preSolution
		HideSolutionNode = FALSE
	EndGlobalSection
EndGlobal
